
Microsoft Visual Studio Solution File, Format Version 12.00
# Visual Studio 14
VisualStudioVersion = 14.0.25420.1
MinimumVisualStudioVersion = 10.0.40219.1
Project("{FAE04EC0-301F-11D3-BF4B-00C04F79EFBC}") = "SimpleBallistics", "SimpleBallistics\SimpleBallistics.csproj", "{B3B1F7A4-38AE-43D1-8272-3B33A08BD5B5}"
EndProject
Project("{2150E333-8FDC-42A3-9474-1A3956D46DE8}") = "Solution Items", "Solution Items", "{FF6287A4-AE6F-4E94-AD1D-F6E009FF4FF1}"
	ProjectSection(SolutionItems) = preProject
		.editorconfig = .editorconfig
		.gitignore = .gitignore
		purge-clean.ps1 = purge-clean.ps1
		readme.md = readme.md
		.github\workflows\build.yml = .github\workflows\build.yml
	EndProjectSection
EndProject
Project("{2150E333-8FDC-42A3-9474-1A3956D46DE8}") = "Screenshots", "Screenshots", "{75DC5C0F-A015-4916-A2BD-C13A3D18A0E4}"
	ProjectSection(SolutionItems) = preProject
		screenshots\2026-04-02 08_07_58-Simple Ballistics - Version_ 1.00-10.png = screenshots\2026-04-02 08_07_58-Simple Ballistics - Version_ 1.00-10.png
		screenshots\2026-04-02 08_08_52-SimpleBallistics – Atmosphere.cs.png = screenshots\2026-04-02 08_08_52-SimpleBallistics – Atmosphere.cs.png
		screenshots\2026-04-02 09_10_05-SimpleBallistics – frmMain.cs.png = screenshots\2026-04-02 09_10_05-SimpleBallistics – frmMain.cs.png
		screenshots\2026-04-02 09_11_55-SimpleBallistics – 2026-04-02 09_10_05-SimpleBallistics – frmMain.cs.png = screenshots\2026-04-02 09_11_55-SimpleBallistics – 2026-04-02 09_10_05-SimpleBallistics – frmMain.cs.png
		screenshots\2026-04-02 09_12_33-SimpleBallistics – 2026-04-02 09_10_05-SimpleBallistics – frmMain.cs.png = screenshots\2026-04-02 09_12_33-SimpleBallistics – 2026-04-02 09_10_05-SimpleBallistics – frmMain.cs.png
		screenshots\2026-04-02 09_13_39-SimpleBallistics – 2026-04-02 08_08_52-SimpleBallistics – Atmosphere.cs.png = screenshots\2026-04-02 09_13_39-SimpleBallistics – 2026-04-02 08_08_52-SimpleBallistics – Atmosphere.cs.png
	EndProjectSection
EndProject
Global
	GlobalSection(SolutionConfigurationPlatforms) = preSolution
		Debug|Any CPU = Debug|Any CPU
		Release|Any CPU = Release|Any CPU
	EndGlobalSection
	GlobalSection(ProjectConfigurationPlatforms) = postSolution
		{B3B1F7A4-38AE-43D1-8272-3B33A08BD5B5}.Debug|Any CPU.ActiveCfg = Debug|Any CPU
		{B3B1F7A4-38AE-43D1-8272-3B33A08BD5B5}.Debug|Any CPU.Build.0 = Debug|Any CPU
		{B3B1F7A4-38AE-43D1-8272-3B33A08BD5B5}.Release|Any CPU.ActiveCfg = Release|Any CPU
		{B3B1F7A4-38AE-43D1-8272-3B33A08BD5B5}.Release|Any CPU.Build.0 = Release|Any CPU
	EndGlobalSection
	GlobalSection(SolutionProperties) = preSolution
		HideSolutionNode = FALSE
	EndGlobalSection
EndGlobal
